
Microsoft Visual Studio Solution File, Format Version 12.00
# Visual Studio 14
VisualStudioVersion = 14.0.25123.0
MinimumVisualStudioVersion = 10.0.40219.1
Project("{FAE04EC0-301F-11D3-BF4B-00C04F79EFBC}") = "ComboBoxBindingExample", "ComboBoxBindingExample.csproj", "{730F0B6C-6594-47E1-9CC7-8E3AE41AC3B7}"
EndProject
Project("{2150E333-8FDC-42A3-9474-1A3956D46DE8}") = "Global", "Global", "{162FA472-A1BF-4AB3-9B3D-2ED6AF1B8291}"
	ProjectSection(SolutionItems) = preProject
		README.md = README.md
	EndProjectSection
EndProject
Global
	GlobalSection(SolutionConfigurationPlatforms) = preSolution
		Debug|Any CPU = Debug|Any CPU
		Release|Any CPU = Release|Any CPU
	EndGlobalSection
	GlobalSection(ProjectConfigurationPlatforms) = postSolution
		{730F0B6C-6594-47E1-9CC7-8E3AE41AC3B7}.Debug|Any CPU.ActiveCfg = Debug|Any CPU
		{730F0B6C-6594-47E1-9CC7-8E3AE41AC3B7}.Debug|Any CPU.Build.0 = Debug|Any CPU
		{730F0B6C-6594-47E1-9CC7-8E3AE41AC3B7}.Release|Any CPU.ActiveCfg = Release|Any CPU
		{730F0B6C-6594-47E1-9CC7-8E3AE41AC3B7}.Release|Any CPU.Build.0 = Release|Any CPU
	EndGlobalSection
	GlobalSection(SolutionProperties) = preSolution
		HideSolutionNode = FALSE
	EndGlobalSection
EndGlobal
